
Microsoft Visual Studio Solution File, Format Version 12.00
# Visual Studio 15
VisualStudioVersion = 15.0.27130.2020
MinimumVisualStudioVersion = 10.0.40219.1
Project("{D954291E-2A0B-460D-934E-DC6B0785DB48}") = "ControllerWrapperTest.SharedProject", "ControllerWrapperTest.SharedProject\ControllerWrapperTest.SharedProject.shproj", "{0D5298EE-44B0-4692-9446-E1D9C7015553}"
EndProject
Project("{FAE04EC0-301F-11D3-BF4B-00C04F79EFBC}") = "ControllerWrapperTest.WindowsUniversal", "ControllerWrapperTest.WindowsUniversal\ControllerWrapperTest.WindowsUniversal.csproj", "{F7EA3D99-1A31-4CB3-B78C-E2AF7915EEF9}"
EndProject
Project("{FAE04EC0-301F-11D3-BF4B-00C04F79EFBC}") = "ControllerWrapperTest.Android", "ControllerWrapperTest.Android\ControllerWrapperTest.Android.csproj", "{0608D7E9-235C-4399-BB81-B08A384FC5E0}"
EndProject
Project("{FAE04EC0-301F-11D3-BF4B-00C04F79EFBC}") = "ControllerWrapperTest.DesktopGL", "ControllerWrapperTest.DesktopGL\ControllerWrapperTest.DesktopGL.csproj", "{EC43D3FC-AA27-4817-B246-72FE65403986}"
EndProject
Global
	GlobalSection(SharedMSBuildProjectFiles) = preSolution
		ControllerWrapperTest.SharedProject\ControllerWrapperTest.SharedProject.projitems*{0608d7e9-235c-4399-bb81-b08a384fc5e0}*SharedItemsImports = 4
		ControllerWrapperTest.SharedProject\ControllerWrapperTest.SharedProject.projitems*{0d5298ee-44b0-4692-9446-e1d9c7015553}*SharedItemsImports = 13
		ControllerWrapperTest.SharedProject\ControllerWrapperTest.SharedProject.projitems*{ec43d3fc-aa27-4817-b246-72fe65403986}*SharedItemsImports = 4
		ControllerWrapperTest.SharedProject\ControllerWrapperTest.SharedProject.projitems*{f7ea3d99-1a31-4cb3-b78c-e2af7915eef9}*SharedItemsImports = 4
	EndGlobalSection
	GlobalSection(SolutionConfigurationPlatforms) = preSolution
		AppStore|Any CPU = AppStore|Any CPU
		AppStore|ARM = AppStore|ARM
		AppStore|x64 = AppStore|x64
		AppStore|x86 = AppStore|x86
		Debug|Any CPU = Debug|Any CPU
		Debug|ARM = Debug|ARM
		Debug|x64 = Debug|x64
		Debug|x86 = Debug|x86
		Release|Any CPU = Release|Any CPU
		Release|ARM = Release|ARM
		Release|x64 = Release|x64
		Release|x86 = Release|x86
	EndGlobalSection
	GlobalSection(ProjectConfigurationPlatforms) = postSolution
		{F7EA3D99-1A31-4CB3-B78C-E2AF7915EEF9}.AppStore|Any CPU.ActiveCfg = Release|x86
		{F7EA3D99-1A31-4CB3-B78C-E2AF7915EEF9}.AppStore|Any CPU.Build.0 = Release|x86
		{F7EA3D99-1A31-4CB3-B78C-E2AF7915EEF9}.AppStore|Any CPU.Deploy.0 = Release|x86
		{F7EA3D99-1A31-4CB3-B78C-E2AF7915EEF9}.AppStore|ARM.ActiveCfg = Release|ARM
		{F7EA3D99-1A31-4CB3-B78C-E2AF7915EEF9}.AppStore|ARM.Build.0 = Release|ARM
		{F7EA3D99-1A31-4CB3-B78C-E2AF7915EEF9}.AppStore|ARM.Deploy.0 = Release|ARM
		{F7EA3D99-1A31-4CB3-B78C-E2AF7915EEF9}.AppStore|x64.ActiveCfg = Release|x64
		{F7EA3D99-1A31-4CB3-B78C-E2AF7915EEF9}.AppStore|x64.Build.0 = Release|x64
		{F7EA3D99-1A31-4CB3-B78C-E2AF7915EEF9}.AppStore|x64.Deploy.0 = Release|x64
		{F7EA3D99-1A31-4CB3-B78C-E2AF7915EEF9}.AppStore|x86.ActiveCfg = Release|x86
		{F7EA3D99-1A31-4CB3-B78C-E2AF7915EEF9}.AppStore|x86.Build.0 = Release|x86
		{F7EA3D99-1A31-4CB3-B78C-E2AF7915EEF9}.AppStore|x86.Deploy.0 = Release|x86
		{F7EA3D99-1A31-4CB3-B78C-E2AF7915EEF9}.Debug|Any CPU.ActiveCfg = Debug|x86
		{F7EA3D99-1A31-4CB3-B78C-E2AF7915EEF9}.Debug|ARM.ActiveCfg = Debug|ARM
		{F7EA3D99-1A31-4CB3-B78C-E2AF7915EEF9}.Debug|ARM.Build.0 = Debug|ARM
		{F7EA3D99-1A31-4CB3-B78C-E2AF7915EEF9}.Debug|ARM.Deploy.0 = Debug|ARM
		{F7EA3D99-1A31-4CB3-B78C-E2AF7915EEF9}.Debug|x64.ActiveCfg = Debug|x64
		{F7EA3D99-1A31-4CB3-B78C-E2AF7915EEF9}.Debug|x64.Build.0 = Debug|x64
		{F7EA3D99-1A31-4CB3-B78C-E2AF7915EEF9}.Debug|x64.Deploy.0 = Debug|x64
		{F7EA3D99-1A31-4CB3-B78C-E2AF7915EEF9}.Debug|x86.ActiveCfg = Debug|x86
		{F7EA3D99-1A31-4CB3-B78C-E2AF7915EEF9}.Debug|x86.Build.0 = Debug|x86
		{F7EA3D99-1A31-4CB3-B78C-E2AF7915EEF9}.Debug|x86.Deploy.0 = Debug|x86
		{F7EA3D99-1A31-4CB3-B78C-E2AF7915EEF9}.Release|Any CPU.ActiveCfg = Release|x86
		{F7EA3D99-1A31-4CB3-B78C-E2AF7915EEF9}.Release|ARM.ActiveCfg = Release|ARM
		{F7EA3D99-1A31-4CB3-B78C-E2AF7915EEF9}.Release|ARM.Build.0 = Release|ARM
		{F7EA3D99-1A31-4CB3-B78C-E2AF7915EEF9}.Release|ARM.Deploy.0 = Release|ARM
		{F7EA3D99-1A31-4CB3-B78C-E2AF7915EEF9}.Release|x64.ActiveCfg = Release|x64
		{F7EA3D99-1A31-4CB3-B78C-E2AF7915EEF9}.Release|x64.Build.0 = Release|x64
		{F7EA3D99-1A31-4CB3-B78C-E2AF7915EEF9}.Release|x64.Deploy.0 = Release|x64
		{F7EA3D99-1A31-4CB3-B78C-E2AF7915EEF9}.Release|x86.ActiveCfg = Release|x86
		{F7EA3D99-1A31-4CB3-B78C-E2AF7915EEF9}.Release|x86.Build.0 = Release|x86
		{F7EA3D99-1A31-4CB3-B78C-E2AF7915EEF9}.Release|x86.Deploy.0 = Release|x86
		{0608D7E9-235C-4399-BB81-B08A384FC5E0}.AppStore|Any CPU.ActiveCfg = Release|Any CPU
		{0608D7E9-235C-4399-BB81-B08A384FC5E0}.AppStore|Any CPU.Build.0 = Release|Any CPU
		{0608D7E9-235C-4399-BB81-B08A384FC5E0}.AppStore|Any CPU.Deploy.0 = Release|Any CPU
		{0608D7E9-235C-4399-BB81-B08A384FC5E0}.AppStore|ARM.ActiveCfg = Release|Any CPU
		{0608D7E9-235C-4399-BB81-B08A384FC5E0}.AppStore|ARM.Build.0 = Release|Any CPU
		{0608D7E9-235C-4399-BB81-B08A384FC5E0}.AppStore|ARM.Deploy.0 = Release|Any CPU
		{0608D7E9-235C-4399-BB81-B08A384FC5E0}.AppStore|x64.ActiveCfg = Release|Any CPU
		{0608D7E9-235C-4399-BB81-B08A384FC5E0}.AppStore|x64.Build.0 = Release|Any CPU
		{0608D7E9-235C-4399-BB81-B08A384FC5E0}.AppStore|x64.Deploy.0 = Release|Any CPU
		{0608D7E9-235C-4399-BB81-B08A384FC5E0}.AppStore|x86.ActiveCfg = Release|Any CPU
		{0608D7E9-235C-4399-BB81-B08A384FC5E0}.AppStore|x86.Build.0 = Release|Any CPU
		{0608D7E9-235C-4399-BB81-B08A384FC5E0}.AppStore|x86.Deploy.0 = Release|Any CPU
		{0608D7E9-235C-4399-BB81-B08A384FC5E0}.Debug|Any CPU.ActiveCfg = Debug|Any CPU
		{0608D7E9-235C-4399-BB81-B08A384FC5E0}.Debug|Any CPU.Build.0 = Debug|Any CPU
		{0608D7E9-235C-4399-BB81-B08A384FC5E0}.Debug|Any CPU.Deploy.0 = Debug|Any CPU
		{0608D7E9-235C-4399-BB81-B08A384FC5E0}.Debug|ARM.ActiveCfg = Debug|Any CPU
		{0608D7E9-235C-4399-BB81-B08A384FC5E0}.Debug|ARM.Build.0 = Debug|Any CPU
		{0608D7E9-235C-4399-BB81-B08A384FC5E0}.Debug|ARM.Deploy.0 = Debug|Any CPU
		{0608D7E9-235C-4399-BB81-B08A384FC5E0}.Debug|x64.ActiveCfg = Debug|Any CPU
		{0608D7E9-235C-4399-BB81-B08A384FC5E0}.Debug|x64.Build.0 = Debug|Any CPU
		{0608D7E9-235C-4399-BB81-B08A384FC5E0}.Debug|x64.Deploy.0 = Debug|Any CPU
		{0608D7E9-235C-4399-BB81-B08A384FC5E0}.Debug|x86.ActiveCfg = Debug|Any CPU
		{0608D7E9-235C-4399-BB81-B08A384FC5E0}.Debug|x86.Build.0 = Debug|Any CPU
		{0608D7E9-235C-4399-BB81-B08A384FC5E0}.Debug|x86.Deploy.0 = Debug|Any CPU
		{0608D7E9-235C-4399-BB81-B08A384FC5E0}.Release|Any CPU.ActiveCfg = Release|Any CPU
		{0608D7E9-235C-4399-BB81-B08A384FC5E0}.Release|Any CPU.Build.0 = Release|Any CPU
		{0608D7E9-235C-4399-BB81-B08A384FC5E0}.Release|Any CPU.Deploy.0 = Release|Any CPU
		{0608D7E9-235C-4399-BB81-B08A384FC5E0}.Release|ARM.ActiveCfg = Release|Any CPU
		{0608D7E9-235C-4399-BB81-B08A384FC5E0}.Release|ARM.Build.0 = Release|Any CPU
		{0608D7E9-235C-4399-BB81-B08A384FC5E0}.Release|ARM.Deploy.0 = Release|Any CPU
		{0608D7E9-235C-4399-BB81-B08A384FC5E0}.Release|x64.ActiveCfg = Release|Any CPU
		{0608D7E9-235C-4399-BB81-B08A384FC5E0}.Release|x64.Build.0 = Release|Any CPU
		{0608D7E9-235C-4399-BB81-B08A384FC5E0}.Release|x64.Deploy.0 = Release|Any CPU
		{0608D7E9-235C-4399-BB81-B08A384FC5E0}.Release|x86.ActiveCfg = Release|Any CPU
		{0608D7E9-235C-4399-BB81-B08A384FC5E0}.Release|x86.Build.0 = Release|Any CPU
		{0608D7E9-235C-4399-BB81-B08A384FC5E0}.Release|x86.Deploy.0 = Release|Any CPU
		{EC43D3FC-AA27-4817-B246-72FE65403986}.AppStore|Any CPU.ActiveCfg = Release|Any CPU
		{EC43D3FC-AA27-4817-B246-72FE65403986}.AppStore|Any CPU.Build.0 = Release|Any CPU
		{EC43D3FC-AA27-4817-B246-72FE65403986}.AppStore|ARM.ActiveCfg = Release|Any CPU
		{EC43D3FC-AA27-4817-B246-72FE65403986}.AppStore|ARM.Build.0 = Release|Any CPU
		{EC43D3FC-AA27-4817-B246-72FE65403986}.AppStore|x64.ActiveCfg = Release|Any CPU
		{EC43D3FC-AA27-4817-B246-72FE65403986}.AppStore|x64.Build.0 = Release|Any CPU
		{EC43D3FC-AA27-4817-B246-72FE65403986}.AppStore|x86.ActiveCfg = Release|Any CPU
		{EC43D3FC-AA27-4817-B246-72FE65403986}.AppStore|x86.Build.0 = Release|Any CPU
		{EC43D3FC-AA27-4817-B246-72FE65403986}.Debug|Any CPU.ActiveCfg = Debug|Any CPU
		{EC43D3FC-AA27-4817-B246-72FE65403986}.Debug|Any CPU.Build.0 = Debug|Any CPU
		{EC43D3FC-AA27-4817-B246-72FE65403986}.Debug|ARM.ActiveCfg = Debug|Any CPU
		{EC43D3FC-AA27-4817-B246-72FE65403986}.Debug|ARM.Build.0 = Debug|Any CPU
		{EC43D3FC-AA27-4817-B246-72FE65403986}.Debug|x64.ActiveCfg = Debug|Any CPU
		{EC43D3FC-AA27-4817-B246-72FE65403986}.Debug|x64.Build.0 = Debug|Any CPU
		{EC43D3FC-AA27-4817-B246-72FE65403986}.Debug|x86.ActiveCfg = Debug|Any CPU
		{EC43D3FC-AA27-4817-B246-72FE65403986}.Debug|x86.Build.0 = Debug|Any CPU
		{EC43D3FC-AA27-4817-B246-72FE65403986}.Release|Any CPU.ActiveCfg = Release|Any CPU
		{EC43D3FC-AA27-4817-B246-72FE65403986}.Release|Any CPU.Build.0 = Release|Any CPU
		{EC43D3FC-AA27-4817-B246-72FE65403986}.Release|ARM.ActiveCfg = Release|Any CPU
		{EC43D3FC-AA27-4817-B246-72FE65403986}.Release|ARM.Build.0 = Release|Any CPU
		{EC43D3FC-AA27-4817-B246-72FE65403986}.Release|x64.ActiveCfg = Release|Any CPU
		{EC43D3FC-AA27-4817-B246-72FE65403986}.Release|x64.Build.0 = Release|Any CPU
		{EC43D3FC-AA27-4817-B246-72FE65403986}.Release|x86.ActiveCfg = Release|Any CPU
		{EC43D3FC-AA27-4817-B246-72FE65403986}.Release|x86.Build.0 = Release|Any CPU
	EndGlobalSection
	GlobalSection(SolutionProperties) = preSolution
		HideSolutionNode = FALSE
	EndGlobalSection
	GlobalSection(ExtensibilityGlobals) = postSolution
		SolutionGuid = {FB898169-F83F-4048-B930-577F9DAB751D}
	EndGlobalSection
	GlobalSection(MonoDevelopProperties) = preSolution
		StartupItem = ControllerWrapperTest.csproj
	EndGlobalSection
EndGlobal
